Microsoft Visual Studio Solution File, Format Version 11.00
# Visual Studio 2008

Project("{02FB76B7-A3C3-E20C-BBBB-C8AACD4A7B87}") = "3D-Ball-Roller", "Assembly-CSharp-firstpass.csproj", "{2A9BB71E-207D-353C-CFAF-74604184D373}"
EndProject
Project("{02FB76B7-A3C3-E20C-BBBB-C8AACD4A7B87}") = "3D-Ball-Roller", "Assembly-CSharp.csproj", "{C90839E3-972C-FD3E-F303-AE5055BA34FE}"
EndProject
Project("{02FB76B7-A3C3-E20C-BBBB-C8AACD4A7B87}") = "3D-Ball-Roller", "Assembly-CSharp-Editor.csproj", "{B414B06E-29A9-FFD2-718A-37F3760B806B}"
EndProject
Global
	GlobalSection(SolutionConfigurationPlatforms) = preSolution
		Debug|Any CPU = Debug|Any CPU
		Release|Any CPU = Release|Any CPU
	EndGlobalSection
	GlobalSection(ProjectConfigurationPlatforms) = postSolution
		{2A9BB71E-207D-353C-CFAF-74604184D373}.Debug|Any CPU.ActiveCfg = Debug|Any CPU
		{2A9BB71E-207D-353C-CFAF-74604184D373}.Debug|Any CPU.Build.0 = Debug|Any CPU
		{2A9BB71E-207D-353C-CFAF-74604184D373}.Release|Any CPU.ActiveCfg = Release|Any CPU
		{2A9BB71E-207D-353C-CFAF-74604184D373}.Release|Any CPU.Build.0 = Release|Any CPU
		{C90839E3-972C-FD3E-F303-AE5055BA34FE}.Debug|Any CPU.ActiveCfg = Debug|Any CPU
		{C90839E3-972C-FD3E-F303-AE5055BA34FE}.Debug|Any CPU.Build.0 = Debug|Any CPU
		{C90839E3-972C-FD3E-F303-AE5055BA34FE}.Release|Any CPU.ActiveCfg = Release|Any CPU
		{C90839E3-972C-FD3E-F303-AE5055BA34FE}.Release|Any CPU.Build.0 = Release|Any CPU
		{B414B06E-29A9-FFD2-718A-37F3760B806B}.Debug|Any CPU.ActiveCfg = Debug|Any CPU
		{B414B06E-29A9-FFD2-718A-37F3760B806B}.Debug|Any CPU.Build.0 = Debug|Any CPU
		{B414B06E-29A9-FFD2-718A-37F3760B806B}.Release|Any CPU.ActiveCfg = Release|Any CPU
		{B414B06E-29A9-FFD2-718A-37F3760B806B}.Release|Any CPU.Build.0 = Release|Any CPU
	EndGlobalSection
	GlobalSection(SolutionProperties) = preSolution
		HideSolutionNode = FALSE
	EndGlobalSection
	GlobalSection(MonoDevelopProperties) = preSolution
		StartupItem = Assembly-CSharp.csproj
	EndGlobalSection
EndGlobal
